
Microsoft Visual Studio Solution File, Format Version 12.00
# Visual Studio 15
VisualStudioVersion = 15.0.28307.1321
MinimumVisualStudioVersion = 10.0.40219.1
Project("{FAE04EC0-301F-11D3-BF4B-00C04F79EFBC}") = "YouTubeWebAPP", "WebApplication4\YouTubeWebAPP.csproj", "{80844BD1-F3D9-4F53-83F7-25C3139FFC29}"
EndProject
Project("{FAE04EC0-301F-11D3-BF4B-00C04F79EFBC}") = "Youtube.BusinessLogic", "BusinessLogic\Youtube.BusinessLogic.csproj", "{AF57E535-2FE0-4D64-9C16-78A59B0112A3}"
EndProject
Global
	GlobalSection(SolutionConfigurationPlatforms) = preSolution
		Debug|Any CPU = Debug|Any CPU
		Release|Any CPU = Release|Any CPU
	EndGlobalSection
	GlobalSection(ProjectConfigurationPlatforms) = postSolution
		{80844BD1-F3D9-4F53-83F7-25C3139FFC29}.Debug|Any CPU.ActiveCfg = Debug|Any CPU
		{80844BD1-F3D9-4F53-83F7-25C3139FFC29}.Debug|Any CPU.Build.0 = Debug|Any CPU
		{80844BD1-F3D9-4F53-83F7-25C3139FFC29}.Release|Any CPU.ActiveCfg = Release|Any CPU
		{80844BD1-F3D9-4F53-83F7-25C3139FFC29}.Release|Any CPU.Build.0 = Release|Any CPU
		{AF57E535-2FE0-4D64-9C16-78A59B0112A3}.Debug|Any CPU.ActiveCfg = Debug|Any CPU
		{AF57E535-2FE0-4D64-9C16-78A59B0112A3}.Debug|Any CPU.Build.0 = Debug|Any CPU
		{AF57E535-2FE0-4D64-9C16-78A59B0112A3}.Release|Any CPU.ActiveCfg = Release|Any CPU
		{AF57E535-2FE0-4D64-9C16-78A59B0112A3}.Release|Any CPU.Build.0 = Release|Any CPU
	EndGlobalSection
	GlobalSection(SolutionProperties) = preSolution
		HideSolutionNode = FALSE
	EndGlobalSection
	GlobalSection(ExtensibilityGlobals) = postSolution
		SolutionGuid = {56C0E69D-0B77-4DEC-8F2D-71A8D3E0DFFD}
	EndGlobalSection
EndGlobal
